<?xml version="1.0" encoding="utf-8"?>
<Project ToolsVersion="4.0" xmlns="http://schemas.microsoft.com/developer/msbuild/2003">
  <ItemGroup>
    <Filter Include="Исходные файлы">
      <UniqueIdentifier>{4FC737F1-C7A5-4376-A066-2A32D752A2FF}</UniqueIdentifier>
      <Extensions>cpp;c;cc;cxx;c++;cppm;ixx;def;odl;idl;hpj;bat;asm;asmx</Extensions>
    </Filter>
    <Filter Include="Файлы заголовков">
      <UniqueIdentifier>{93995380-89BD-4b04-88EB-625FBE52EBFB}</UniqueIdentifier>
      <Extensions>h;hh;hpp;hxx;h++;hm;inl;inc;ipp;xsd</Extensions>
    </Filter>
    <Filter Include="Файлы ресурсов">
      <UniqueIdentifier>{67DA6AB6-F800-4c08-8B7A-83BB121AAD01}</UniqueIdentifier>
      <Extensions>rc;ico;cur;bmp;dlg;rc2;rct;bin;rgs;gif;jpg;jpeg;jpe;resx;tiff;tif;png;wav;mfcribbon-ms</Extensions>
    </Filter>
    <Filter Include="Utility">
      <UniqueIdentifier>{2220e834-ccbe-47aa-b51a-1a83646a0086}</UniqueIdentifier>
    </Filter>
    <Filter Include="CameraMan">
      <UniqueIdentifier>{974aafbd-1f22-4ee4-ab62-6f3e230923d8}</UniqueIdentifier>
    </Filter>
    <Filter Include="Map">
      <UniqueIdentifier>{43e78221-2602-4859-b925-a863ae243904}</UniqueIdentifier>
    </Filter>
    <Filter Include="Decoder">
      <UniqueIdentifier>{7260daa6-1109-4767-8a9f-73ee87ac08af}</UniqueIdentifier>
    </Filter>
    <Filter Include="Const">
      <UniqueIdentifier>{86d1dd10-46b3-43df-9726-bb38d9b7312d}</UniqueIdentifier>
    </Filter>
  </ItemGroup>
  <ItemGroup>
    <ClCompile Include="main.cpp">
      <Filter>Исходные файлы</Filter>
    </ClCompile>
    <ClCompile Include="CameraMan\Camerman.cpp">
      <Filter>CameraMan</Filter>
    </ClCompile>
    <ClCompile Include="Decoder\Decoder.cpp">
      <Filter>Decoder</Filter>
    </ClCompile>
    <ClCompile Include="Map.cpp">
      <Filter>Map</Filter>
    </ClCompile>
  </ItemGroup>
  <ItemGroup>
    <ClInclude Include="Utility\Utility.h">
      <Filter>Utility</Filter>
    </ClInclude>
    <ClInclude Include="CameraMan\Camerman.h">
      <Filter>CameraMan</Filter>
    </ClInclude>
    <ClInclude Include="Map.h">
      <Filter>Map</Filter>
    </ClInclude>
    <ClInclude Include="Decoder\Decoder.h">
      <Filter>Decoder</Filter>
    </ClInclude>
    <ClInclude Include="Const\Const.h">
      <Filter>Const</Filter>
    </ClInclude>
  </ItemGroup>
  <ItemGroup>
    <Text Include="DATA.txt">
      <Filter>Файлы ресурсов</Filter>
    </Text>
  </ItemGroup>
</Project>